
Microsoft Visual Studio Solution File, Format Version 12.00
# Visual Studio Version 16
VisualStudioVersion = 16.0.29609.76
MinimumVisualStudioVersion = 10.0.40219.1
Project("{FAE04EC0-301F-11D3-BF4B-00C04F79EFBC}") = "RockPaperScissors", "RockPaperScissors\RockPaperScissors.csproj", "{4AE0F2E2-F851-4B09-AF68-29FBE12237D3}"
EndProject
Global
	GlobalSection(SolutionConfigurationPlatforms) = preSolution
		Debug|Any CPU = Debug|Any CPU
		Release|Any CPU = Release|Any CPU
	EndGlobalSection
	GlobalSection(ProjectConfigurationPlatforms) = postSolution
		{4AE0F2E2-F851-4B09-AF68-29FBE12237D3}.Debug|Any CPU.ActiveCfg = Debug|Any CPU
		{4AE0F2E2-F851-4B09-AF68-29FBE12237D3}.Debug|Any CPU.Build.0 = Debug|Any CPU
		{4AE0F2E2-F851-4B09-AF68-29FBE12237D3}.Release|Any CPU.ActiveCfg = Release|Any CPU
		{4AE0F2E2-F851-4B09-AF68-29FBE12237D3}.Release|Any CPU.Build.0 = Release|Any CPU
	EndGlobalSection
	GlobalSection(SolutionProperties) = preSolution
		HideSolutionNode = FALSE
	EndGlobalSection
	GlobalSection(ExtensibilityGlobals) = postSolution
		SolutionGuid = {8DCD1E41-ACB3-4D13-9E97-A94692CDB57D}
	EndGlobalSection
EndGlobal
